
Microsoft Visual Studio Solution File, Format Version 12.00
# Visual Studio Version 17
VisualStudioVersion = 17.7.34031.279
MinimumVisualStudioVersion = 10.0.40219.1
Project("{9A19103F-16F7-4668-BE54-9A1E7A4F7556}") = "GaussianAlgorithm", "GaussianAlgorithm.csproj", "{601ECC51-4C90-442C-AE3E-108752680CEB}"
EndProject
Global
	GlobalSection(SolutionConfigurationPlatforms) = preSolution
		Debug|Any CPU = Debug|Any CPU
		Release|Any CPU = Release|Any CPU
	EndGlobalSection
	GlobalSection(ProjectConfigurationPlatforms) = postSolution
		{601ECC51-4C90-442C-AE3E-108752680CEB}.Debug|Any CPU.ActiveCfg = Debug|Any CPU
		{601ECC51-4C90-442C-AE3E-108752680CEB}.Debug|Any CPU.Build.0 = Debug|Any CPU
		{601ECC51-4C90-442C-AE3E-108752680CEB}.Release|Any CPU.ActiveCfg = Release|Any CPU
		{601ECC51-4C90-442C-AE3E-108752680CEB}.Release|Any CPU.Build.0 = Release|Any CPU
	EndGlobalSection
	GlobalSection(SolutionProperties) = preSolution
		HideSolutionNode = FALSE
	EndGlobalSection
	GlobalSection(ExtensibilityGlobals) = postSolution
		SolutionGuid = {E91F4C9C-1DFF-45BC-9B11-61F9B755E4C0}
	EndGlobalSection
EndGlobal
